// !$*UTF8*$!
{
	archiveVersion = 1;
	classes = {
	};
	objectVersion = 54;
	objects = {

/* Begin PBXBuildFile section */
		A06E1A292CD91A8400AF2321 /* EvsKit in Frameworks */ = {isa = PBXBuildFile; productRef = A06E1A282CD91A8400AF2321 /* EvsKit */; };
		A06E1A2B2CD91A8400AF2321 /* NativeEvsKit in Frameworks */ = {isa = PBXBuildFile; productRef = A06E1A2A2CD91A8400AF2321 /* NativeEvsKit */; };
		A06E1A412CD91AEB00AF2321 /* sdk.key in Resources */ = {isa = PBXBuildFile; fileRef = A06E1A402CD91AEB00AF2321 /* sdk.key */; };
		B2064C77252D1F7800BD36AA /* AppDelegate.swift in Sources */ = {isa = PBXBuildFile; fileRef = B2064C76252D1F7800BD36AA /* AppDelegate.swift */; };
		B2064C79252D1F7800BD36AA /* SceneDelegate.swift in Sources */ = {isa = PBXBuildFile; fileRef = B2064C78252D1F7800BD36AA /* SceneDelegate.swift */; };
		B2064C7B252D1F7800BD36AA /* AnimationsViewController.swift in Sources */ = {isa = PBXBuildFile; fileRef = B2064C7A252D1F7800BD36AA /* AnimationsViewController.swift */; };
		B2064C7E252D1F7800BD36AA /* Main.storyboard in Resources */ = {isa = PBXBuildFile; fileRef = B2064C7C252D1F7800BD36AA /* Main.storyboard */; };
		B2064C80252D1F7900BD36AA /* Assets.xcassets in Resources */ = {isa = PBXBuildFile; fileRef = B2064C7F252D1F7900BD36AA /* Assets.xcassets */; };
		B2064C83252D1F7900BD36AA /* LaunchScreen.storyboard in Resources */ = {isa = PBXBuildFile; fileRef = B2064C81252D1F7900BD36AA /* LaunchScreen.storyboard */; };
		B2064C91252D1FF200BD36AA /* AnimationsScreen.swift in Sources */ = {isa = PBXBuildFile; fileRef = B2064C90252D1FF200BD36AA /* AnimationsScreen.swift */; };
		B2064C9D252D207B00BD36AA /* SimpleControl.swift in Sources */ = {isa = PBXBuildFile; fileRef = B2064C9C252D207B00BD36AA /* SimpleControl.swift */; };
/* End PBXBuildFile section */

/* Begin PBXFileReference section */
		A06E1A402CD91AEB00AF2321 /* sdk.key */ = {isa = PBXFileReference; lastKnownFileType = text; path = sdk.key; sourceTree = "<group>"; };
		B2064C73252D1F7800BD36AA /* Animations.app */ = {isa = PBXFileReference; explicitFileType = wrapper.application; includeInIndex = 0; path = Animations.app; sourceTree = BUILT_PRODUCTS_DIR; };
		B2064C76252D1F7800BD36AA /* AppDelegate.swift */ = {isa = PBXFileReference; lastKnownFileType = sourcecode.swift; path = AppDelegate.swift; sourceTree = "<group>"; };
		B2064C78252D1F7800BD36AA /* SceneDelegate.swift */ = {isa = PBXFileReference; lastKnownFileType = sourcecode.swift; path = SceneDelegate.swift; sourceTree = "<group>"; };
		B2064C7A252D1F7800BD36AA /* AnimationsViewController.swift */ = {isa = PBXFileReference; lastKnownFileType = sourcecode.swift; path = AnimationsViewController.swift; sourceTree = "<group>"; };
		B2064C7D252D1F7800BD36AA /* Base */ = {isa = PBXFileReference; lastKnownFileType = file.storyboard; name = Base; path = Base.lproj/Main.storyboard; sourceTree = "<group>"; };
		B2064C7F252D1F7900BD36AA /* Assets.xcassets */ = {isa = PBXFileReference; lastKnownFileType = folder.assetcatalog; path = Assets.xcassets; sourceTree = "<group>"; };
		B2064C82252D1F7900BD36AA /* Base */ = {isa = PBXFileReference; lastKnownFileType = file.storyboard; name = Base; path = Base.lproj/LaunchScreen.storyboard; sourceTree = "<group>"; };
		B2064C84252D1F7900BD36AA /* Info.plist */ = {isa = PBXFileReference; lastKnownFileType = text.plist.xml; path = Info.plist; sourceTree = "<group>"; };
		B2064C90252D1FF200BD36AA /* AnimationsScreen.swift */ = {isa = PBXFileReference; lastKnownFileType = sourcecode.swift; path = AnimationsScreen.swift; sourceTree = "<group>"; };
		B2064C9C252D207B00BD36AA /* SimpleControl.swift */ = {isa = PBXFileReference; lastKnownFileType = sourcecode.swift; path = SimpleControl.swift; sourceTree = "<group>"; };
		B2077B3F254FE35C008430F2 /* README.md */ = {isa = PBXFileReference; lastKnownFileType = net.daringfireball.markdown; path = README.md; sourceTree = "<group>"; };
/* End PBXFileReference section */

/* Begin PBXFrameworksBuildPhase section */
		B2064C70252D1F7800BD36AA /* Frameworks */ = {
			isa = PBXFrameworksBuildPhase;
			buildActionMask = 2147483647;
			files = (
				A06E1A292CD91A8400AF2321 /* EvsKit in Frameworks */,
				A06E1A2B2CD91A8400AF2321 /* NativeEvsKit in Frameworks */,
			);
			runOnlyForDeploymentPostprocessing = 0;
		};
/* End PBXFrameworksBuildPhase section */

/* Begin PBXGroup section */
		B2064C6A252D1F7800BD36AA = {
			isa = PBXGroup;
			children = (
				B2064C75252D1F7800BD36AA /* Animations */,
				B2064C74252D1F7800BD36AA /* Products */,
				B2064C93252D204300BD36AA /* Frameworks */,
			);
			sourceTree = "<group>";
		};
		B2064C74252D1F7800BD36AA /* Products */ = {
			isa = PBXGroup;
			children = (
				B2064C73252D1F7800BD36AA /* Animations.app */,
			);
			name = Products;
			sourceTree = "<group>";
		};
		B2064C75252D1F7800BD36AA /* Animations */ = {
			isa = PBXGroup;
			children = (
				B2064C8E252D1FDA00BD36AA /* Resources */,
				B2064C8D252D1FD400BD36AA /* Glasses */,
				B2064C76252D1F7800BD36AA /* AppDelegate.swift */,
				B2064C78252D1F7800BD36AA /* SceneDelegate.swift */,
				B2064C7A252D1F7800BD36AA /* AnimationsViewController.swift */,
				B2064C7C252D1F7800BD36AA /* Main.storyboard */,
				B2064C7F252D1F7900BD36AA /* Assets.xcassets */,
				B2064C81252D1F7900BD36AA /* LaunchScreen.storyboard */,
				B2064C84252D1F7900BD36AA /* Info.plist */,
			);
			path = Animations;
			sourceTree = "<group>";
		};
		B2064C8D252D1FD400BD36AA /* Glasses */ = {
			isa = PBXGroup;
			children = (
				B2064C90252D1FF200BD36AA /* AnimationsScreen.swift */,
				B2064C9C252D207B00BD36AA /* SimpleControl.swift */,
			);
			path = Glasses;
			sourceTree = "<group>";
		};
		B2064C8E252D1FDA00BD36AA /* Resources */ = {
			isa = PBXGroup;
			children = (
				A06E1A402CD91AEB00AF2321 /* sdk.key */,
				B2077B3F254FE35C008430F2 /* README.md */,
			);
			path = Resources;
			sourceTree = "<group>";
		};
		B2064C93252D204300BD36AA /* Frameworks */ = {
			isa = PBXGroup;
			children = (
			);
			name = Frameworks;
			sourceTree = "<group>";
		};
/* End PBXGroup section */

/* Begin PBXNativeTarget section */
		B2064C72252D1F7800BD36AA /* Animations */ = {
			isa = PBXNativeTarget;
			buildConfigurationList = B2064C87252D1F7900BD36AA /* Build configuration list for PBXNativeTarget "Animations" */;
			buildPhases = (
				B2064C6F252D1F7800BD36AA /* Sources */,
				B2064C70252D1F7800BD36AA /* Frameworks */,
				B2064C71252D1F7800BD36AA /* Resources */,
			);
			buildRules = (
			);
			dependencies = (
			);
			name = Animations;
			productName = Animations;
			productReference = B2064C73252D1F7800BD36AA /* Animations.app */;
			productType = "com.apple.product-type.application";
		};
/* End PBXNativeTarget section */

/* Begin PBXProject section */
		B2064C6B252D1F7800BD36AA /* Project object */ = {
			isa = PBXProject;
			attributes = {
				LastSwiftUpdateCheck = 1200;
				LastUpgradeCheck = 1200;
				TargetAttributes = {
					B2064C72252D1F7800BD36AA = {
						CreatedOnToolsVersion = 12.0.1;
					};
				};
			};
			buildConfigurationList = B2064C6E252D1F7800BD36AA /* Build configuration list for PBXProject "Animations" */;
			compatibilityVersion = "Xcode 9.3";
			developmentRegion = en;
			hasScannedForEncodings = 0;
			knownRegions = (
				en,
				Base,
			);
			mainGroup = B2064C6A252D1F7800BD36AA;
			packageReferences = (
				B2D30BC72CEF713100265225 /* XCRemoteSwiftPackageReference "m1-ios-spm" */,
			);
			productRefGroup = B2064C74252D1F7800BD36AA /* Products */;
			projectDirPath = "";
			projectRoot = "";
			targets = (
				B2064C72252D1F7800BD36AA /* Animations */,
			);
		};
/* End PBXProject section */

/* Begin PBXResourcesBuildPhase section */
		B2064C71252D1F7800BD36AA /* Resources */ = {
			isa = PBXResourcesBuildPhase;
			buildActionMask = 2147483647;
			files = (
				A06E1A412CD91AEB00AF2321 /* sdk.key in Resources */,
				B2064C83252D1F7900BD36AA /* LaunchScreen.storyboard in Resources */,
				B2064C80252D1F7900BD36AA /* Assets.xcassets in Resources */,
				B2064C7E252D1F7800BD36AA /* Main.storyboard in Resources */,
			);
			runOnlyForDeploymentPostprocessing = 0;
		};
/* End PBXResourcesBuildPhase section */

/* Begin PBXSourcesBuildPhase section */
		B2064C6F252D1F7800BD36AA /* Sources */ = {
			isa = PBXSourcesBuildPhase;
			buildActionMask = 2147483647;
			files = (
				B2064C91252D1FF200BD36AA /* AnimationsScreen.swift in Sources */,
				B2064C7B252D1F7800BD36AA /* AnimationsViewController.swift in Sources */,
				B2064C77252D1F7800BD36AA /* AppDelegate.swift in Sources */,
				B2064C9D252D207B00BD36AA /* SimpleControl.swift in Sources */,
				B2064C79252D1F7800BD36AA /* SceneDelegate.swift in Sources */,
			);
			runOnlyForDeploymentPostprocessing = 0;
		};
/* End PBXSourcesBuildPhase section */

/* Begin PBXVariantGroup section */
		B2064C7C252D1F7800BD36AA /* Main.storyboard */ = {
			isa = PBXVariantGroup;
			children = (
				B2064C7D252D1F7800BD36AA /* Base */,
			);
			name = Main.storyboard;
			sourceTree = "<group>";
		};
		B2064C81252D1F7900BD36AA /* LaunchScreen.storyboard */ = {
			isa = PBXVariantGroup;
			children = (
				B2064C82252D1F7900BD36AA /* Base */,
			);
			name = LaunchScreen.storyboard;
			sourceTree = "<group>";
		};
/* End PBXVariantGroup section */

/* Begin XCBuildConfiguration section */
		B2064C85252D1F7900BD36AA /* Debug */ = {
			isa = XCBuildConfiguration;
			buildSettings = {
				ALWAYS_SEARCH_USER_PATHS = NO;
				CLANG_ANALYZER_NONNULL = YES;
				CLANG_ANALYZER_NUMBER_OBJECT_CONVERSION = YES_AGGRESSIVE;
				CLANG_CXX_LANGUAGE_STANDARD = "gnu++14";
				CLANG_CXX_LIBRARY = "libc++";
				CLANG_ENABLE_MODULES = YES;
				CLANG_ENABLE_OBJC_ARC = YES;
				CLANG_ENABLE_OBJC_WEAK = YES;
				CLANG_WARN_BLOCK_CAPTURE_AUTORELEASING = YES;
				CLANG_WARN_BOOL_CONVERSION = YES;
				CLANG_WARN_COMMA = YES;
				CLANG_WARN_CONSTANT_CONVERSION = YES;
				CLANG_WARN_DEPRECATED_OBJC_IMPLEMENTATIONS = YES;
				CLANG_WARN_DIRECT_OBJC_ISA_USAGE = YES_ERROR;
				CLANG_WARN_DOCUMENTATION_COMMENTS = YES;
				CLANG_WARN_EMPTY_BODY = YES;
				CLANG_WARN_ENUM_CONVERSION = YES;
				CLANG_WARN_INFINITE_RECURSION = YES;
				CLANG_WARN_INT_CONVERSION = YES;
				CLANG_WARN_NON_LITERAL_NULL_CONVERSION = YES;
				CLANG_WARN_OBJC_IMPLICIT_RETAIN_SELF = YES;
				CLANG_WARN_OBJC_LITERAL_CONVERSION = YES;
				CLANG_WARN_OBJC_ROOT_CLASS = YES_ERROR;
				CLANG_WARN_QUOTED_INCLUDE_IN_FRAMEWORK_HEADER = YES;
				CLANG_WARN_RANGE_LOOP_ANALYSIS = YES;
				CLANG_WARN_STRICT_PROTOTYPES = YES;
				CLANG_WARN_SUSPICIOUS_MOVE = YES;
				CLANG_WARN_UNGUARDED_AVAILABILITY = YES_AGGRESSIVE;
				CLANG_WARN_UNREACHABLE_CODE = YES;
				CLANG_WARN__DUPLICATE_METHOD_MATCH = YES;
				COPY_PHASE_STRIP = NO;
				DEBUG_INFORMATION_FORMAT = dwarf;
				ENABLE_STRICT_OBJC_MSGSEND = YES;
				ENABLE_TESTABILITY = YES;
				GCC_C_LANGUAGE_STANDARD = gnu11;
				GCC_DYNAMIC_NO_PIC = NO;
				GCC_NO_COMMON_BLOCKS = YES;
				GCC_OPTIMIZATION_LEVEL = 0;
				GCC_PREPROCESSOR_DEFINITIONS = (
					"DEBUG=1",
					"$(inherited)",
				);
				GCC_WARN_64_TO_32_BIT_CONVERSION = YES;
				GCC_WARN_ABOUT_RETURN_TYPE = YES_ERROR;
				GCC_WARN_UNDECLARED_SELECTOR = YES;
				GCC_WARN_UNINITIALIZED_AUTOS = YES_AGGRESSIVE;
				GCC_WARN_UNUSED_FUNCTION = YES;
				GCC_WARN_UNUSED_VARIABLE = YES;
				IPHONEOS_DEPLOYMENT_TARGET = 14.0;
				MTL_ENABLE_DEBUG_INFO = INCLUDE_SOURCE;
				MTL_FAST_MATH = YES;
				ONLY_ACTIVE_ARCH = YES;
				SDKROOT = iphoneos;
				SWIFT_ACTIVE_COMPILATION_CONDITIONS = DEBUG;
				SWIFT_OPTIMIZATION_LEVEL = "-Onone";
			};
			name = Debug;
		};
		B2064C86252D1F7900BD36AA /* Release */ = {
			isa = XCBuildConfiguration;
			buildSettings = {
				ALWAYS_SEARCH_USER_PATHS = NO;
				CLANG_ANALYZER_NONNULL = YES;
				CLANG_ANALYZER_NUMBER_OBJECT_CONVERSION = YES_AGGRESSIVE;
				CLANG_CXX_LANGUAGE_STANDARD = "gnu++14";
				CLANG_CXX_LIBRARY = "libc++";
				CLANG_ENABLE_MODULES = YES;
				CLANG_ENABLE_OBJC_ARC = YES;
				CLANG_ENABLE_OBJC_WEAK = YES;
				CLANG_WARN_BLOCK_CAPTURE_AUTORELEASING = YES;
				CLANG_WARN_BOOL_CONVERSION = YES;
				CLANG_WARN_COMMA = YES;
				CLANG_WARN_CONSTANT_CONVERSION = YES;
				CLANG_WARN_DEPRECATED_OBJC_IMPLEMENTATIONS = YES;
				CLANG_WARN_DIRECT_OBJC_ISA_USAGE = YES_ERROR;
				CLANG_WARN_DOCUMENTATION_COMMENTS = YES;
				CLANG_WARN_EMPTY_BODY = YES;
				CLANG_WARN_ENUM_CONVERSION = YES;
				CLANG_WARN_INFINITE_RECURSION = YES;
				CLANG_WARN_INT_CONVERSION = YES;
				CLANG_WARN_NON_LITERAL_NULL_CONVERSION = YES;
				CLANG_WARN_OBJC_IMPLICIT_RETAIN_SELF = YES;
				CLANG_WARN_OBJC_LITERAL_CONVERSION = YES;
				CLANG_WARN_OBJC_ROOT_CLASS = YES_ERROR;
				CLANG_WARN_QUOTED_INCLUDE_IN_FRAMEWORK_HEADER = YES;
				CLANG_WARN_RANGE_LOOP_ANALYSIS = YES;
				CLANG_WARN_STRICT_PROTOTYPES = YES;
				CLANG_WARN_SUSPICIOUS_MOVE = YES;
				CLANG_WARN_UNGUARDED_AVAILABILITY = YES_AGGRESSIVE;
				CLANG_WARN_UNREACHABLE_CODE = YES;
				CLANG_WARN__DUPLICATE_METHOD_MATCH = YES;
				COPY_PHASE_STRIP = NO;
				DEBUG_INFORMATION_FORMAT = "dwarf-with-dsym";
				ENABLE_NS_ASSERTIONS = NO;
				ENABLE_STRICT_OBJC_MSGSEND = YES;
				GCC_C_LANGUAGE_STANDARD = gnu11;
				GCC_NO_COMMON_BLOCKS = YES;
				GCC_WARN_64_TO_32_BIT_CONVERSION = YES;
				GCC_WARN_ABOUT_RETURN_TYPE = YES_ERROR;
				GCC_WARN_UNDECLARED_SELECTOR = YES;
				GCC_WARN_UNINITIALIZED_AUTOS = YES_AGGRESSIVE;
				GCC_WARN_UNUSED_FUNCTION = YES;
				GCC_WARN_UNUSED_VARIABLE = YES;
				IPHONEOS_DEPLOYMENT_TARGET = 14.0;
				MTL_ENABLE_DEBUG_INFO = NO;
				MTL_FAST_MATH = YES;
				SDKROOT = iphoneos;
				SWIFT_COMPILATION_MODE = wholemodule;
				SWIFT_OPTIMIZATION_LEVEL = "-O";
				VALIDATE_PRODUCT = YES;
			};
			name = Release;
		};
		B2064C88252D1F7900BD36AA /* Debug */ = {
			isa = XCBuildConfiguration;
			buildSettings = {
				ASSETCATALOG_COMPILER_APPICON_NAME = AppIcon;
				ASSETCATALOG_COMPILER_GLOBAL_ACCENT_COLOR_NAME = AccentColor;
				CODE_SIGN_STYLE = Automatic;
				DEVELOPMENT_TEAM = 393M9SB2UU;
				FRAMEWORK_SEARCH_PATHS = "$(PROJECT_DIR)/../libs/";
				INFOPLIST_FILE = Animations/Info.plist;
				IPHONEOS_DEPLOYMENT_TARGET = 14.0;
				LD_RUNPATH_SEARCH_PATHS = (
					"$(inherited)",
					"@executable_path/Frameworks",
				);
				PRODUCT_BUNDLE_IDENTIFIER = com.everysight.sdk.samples.Animations;
				PRODUCT_NAME = "$(TARGET_NAME)";
				SUPPORTED_PLATFORMS = "iphoneos iphonesimulator";
				SUPPORTS_MACCATALYST = NO;
				SUPPORTS_MAC_DESIGNED_FOR_IPHONE_IPAD = NO;
				SUPPORTS_XR_DESIGNED_FOR_IPHONE_IPAD = NO;
				SWIFT_VERSION = 5.0;
				TARGETED_DEVICE_FAMILY = 1;
			};
			name = Debug;
		};
		B2064C89252D1F7900BD36AA /* Release */ = {
			isa = XCBuildConfiguration;
			buildSettings = {
				ASSETCATALOG_COMPILER_APPICON_NAME = AppIcon;
				ASSETCATALOG_COMPILER_GLOBAL_ACCENT_COLOR_NAME = AccentColor;
				CODE_SIGN_STYLE = Automatic;
				DEVELOPMENT_TEAM = 393M9SB2UU;
				FRAMEWORK_SEARCH_PATHS = "$(PROJECT_DIR)/../libs/";
				INFOPLIST_FILE = Animations/Info.plist;
				IPHONEOS_DEPLOYMENT_TARGET = 14.0;
				LD_RUNPATH_SEARCH_PATHS = (
					"$(inherited)",
					"@executable_path/Frameworks",
				);
				PRODUCT_BUNDLE_IDENTIFIER = com.everysight.sdk.samples.Animations;
				PRODUCT_NAME = "$(TARGET_NAME)";
				SUPPORTED_PLATFORMS = "iphoneos iphonesimulator";
				SUPPORTS_MACCATALYST = NO;
				SUPPORTS_MAC_DESIGNED_FOR_IPHONE_IPAD = NO;
				SUPPORTS_XR_DESIGNED_FOR_IPHONE_IPAD = NO;
				SWIFT_VERSION = 5.0;
				TARGETED_DEVICE_FAMILY = 1;
			};
			name = Release;
		};
/* End XCBuildConfiguration section */

/* Begin XCConfigurationList section */
		B2064C6E252D1F7800BD36AA /* Build configuration list for PBXProject "Animations" */ = {
			isa = XCConfigurationList;
			buildConfigurations = (
				B2064C85252D1F7900BD36AA /* Debug */,
				B2064C86252D1F7900BD36AA /* Release */,
			);
			defaultConfigurationIsVisible = 0;
			defaultConfigurationName = Release;
		};
		B2064C87252D1F7900BD36AA /* Build configuration list for PBXNativeTarget "Animations" */ = {
			isa = XCConfigurationList;
			buildConfigurations = (
				B2064C88252D1F7900BD36AA /* Debug */,
				B2064C89252D1F7900BD36AA /* Release */,
			);
			defaultConfigurationIsVisible = 0;
			defaultConfigurationName = Release;
		};
/* End XCConfigurationList section */

/* Begin XCRemoteSwiftPackageReference section */
		A06E1A272CD91A8400AF2321 /* XCRemoteSwiftPackageReference "m1-ios-spm" */ = {
			isa = XCRemoteSwiftPackageReference;
			repositoryURL = "https://github.com/everysight-maverick/m1-ios-spm.git";
			requirement = {
				branch = master;
				kind = branch;
			};
		};
		B2D30BC72CEF713100265225 /* XCRemoteSwiftPackageReference "m1-ios-spm" */ = {
			isa = XCRemoteSwiftPackageReference;
			repositoryURL = "https://github.com/everysight-maverick/m1-ios-spm.git";
			requirement = {
				branch = master;
				kind = branch;
			};
		};
/* End XCRemoteSwiftPackageReference section */

/* Begin XCSwiftPackageProductDependency section */
		A06E1A282CD91A8400AF2321 /* EvsKit */ = {
			isa = XCSwiftPackageProductDependency;
			package = A06E1A272CD91A8400AF2321 /* XCRemoteSwiftPackageReference "m1-ios-spm" */;
			productName = EvsKit;
		};
		A06E1A2A2CD91A8400AF2321 /* NativeEvsKit */ = {
			isa = XCSwiftPackageProductDependency;
			package = A06E1A272CD91A8400AF2321 /* XCRemoteSwiftPackageReference "m1-ios-spm" */;
			productName = NativeEvsKit;
		};
/* End XCSwiftPackageProductDependency section */
	};
	rootObject = B2064C6B252D1F7800BD36AA /* Project object */;
}
