{
  "originHash" : "42638ebf93bace319b39d0b4401cac994dc7b409a0e86657272a3d69c300df4e",
  "pins" : [
    {
      "identity" : "m1-ios-spm",
      "kind" : "remoteSourceControl",
      "location" : "https://github.com/everysight-maverick/m1-ios-spm.git",
      "state" : {
        "branch" : "master",
        "revision" : "defe44f989a34ba530e5a68ab93a802111f44e4c"
      }
    }
  ],
  "version" : 3
}
