{
  "originHash" : "f7a4bf6599e1cfa766709097461442f0ccc7de8b48de1589c9d63848a6114cb0",
  "pins" : [
    {
      "identity" : "m1-ios-spm",
      "kind" : "remoteSourceControl",
      "location" : "https://github.com/everysight-maverick/m1-ios-spm",
      "state" : {
        "branch" : "master",
        "revision" : "ec768c7751f3e4c6a3f62aba71ffdd2e7d88aebb"
      }
    }
  ],
  "version" : 3
}
