// !$*UTF8*$!
{
	archiveVersion = 1;
	classes = {
	};
	objectVersion = 56;
	objects = {

/* Begin PBXBuildFile section */
		6B49822B2C3EA65B00FC95FD /* AppDelegate.swift in Sources */ = {isa = PBXBuildFile; fileRef = 6B49822A2C3EA65B00FC95FD /* AppDelegate.swift */; };
		6B49822D2C3EA65B00FC95FD /* SceneDelegate.swift in Sources */ = {isa = PBXBuildFile; fileRef = 6B49822C2C3EA65B00FC95FD /* SceneDelegate.swift */; };
		6B49822F2C3EA65B00FC95FD /* ViewController.swift in Sources */ = {isa = PBXBuildFile; fileRef = 6B49822E2C3EA65B00FC95FD /* ViewController.swift */; };
		6B4982322C3EA65B00FC95FD /* Base in Resources */ = {isa = PBXBuildFile; fileRef = 6B4982312C3EA65B00FC95FD /* Base */; };
		6B4982342C3EA65C00FC95FD /* Assets.xcassets in Resources */ = {isa = PBXBuildFile; fileRef = 6B4982332C3EA65C00FC95FD /* Assets.xcassets */; };
		6B4982372C3EA65C00FC95FD /* Base in Resources */ = {isa = PBXBuildFile; fileRef = 6B4982362C3EA65C00FC95FD /* Base */; };
		6B49823F2C3EA74000FC95FD /* ArViewController.swift in Sources */ = {isa = PBXBuildFile; fileRef = 6B49823E2C3EA74000FC95FD /* ArViewController.swift */; };
		6B4982412C3EA75200FC95FD /* ArDemoScreen.swift in Sources */ = {isa = PBXBuildFile; fileRef = 6B4982402C3EA75200FC95FD /* ArDemoScreen.swift */; };
		6B49824E2C3EAD2900FC95FD /* README.md in Resources */ = {isa = PBXBuildFile; fileRef = 6B49824D2C3EAD2900FC95FD /* README.md */; };
		A06E1A332CD91A9800AF2321 /* EvsKit in Frameworks */ = {isa = PBXBuildFile; productRef = A06E1A322CD91A9800AF2321 /* EvsKit */; };
		A06E1A352CD91A9800AF2321 /* NativeEvsKit in Frameworks */ = {isa = PBXBuildFile; productRef = A06E1A342CD91A9800AF2321 /* NativeEvsKit */; };
		A06E1A452CD91B0000AF2321 /* sdk.key in Resources */ = {isa = PBXBuildFile; fileRef = A06E1A442CD91B0000AF2321 /* sdk.key */; };
		A06E1A472CDA023D00AF2321 /* EvsKit in Frameworks */ = {isa = PBXBuildFile; productRef = A06E1A462CDA023D00AF2321 /* EvsKit */; };
		A06E1A492CDA025700AF2321 /* EvsKit in Frameworks */ = {isa = PBXBuildFile; productRef = A06E1A482CDA025700AF2321 /* EvsKit */; };
		A06E1A4B2CDA025700AF2321 /* NativeEvsKit in Frameworks */ = {isa = PBXBuildFile; productRef = A06E1A4A2CDA025700AF2321 /* NativeEvsKit */; };
/* End PBXBuildFile section */

/* Begin PBXFileReference section */
		6B4982272C3EA65B00FC95FD /* Ar.app */ = {isa = PBXFileReference; explicitFileType = wrapper.application; includeInIndex = 0; path = Ar.app; sourceTree = BUILT_PRODUCTS_DIR; };
		6B49822A2C3EA65B00FC95FD /* AppDelegate.swift */ = {isa = PBXFileReference; lastKnownFileType = sourcecode.swift; path = AppDelegate.swift; sourceTree = "<group>"; };
		6B49822C2C3EA65B00FC95FD /* SceneDelegate.swift */ = {isa = PBXFileReference; lastKnownFileType = sourcecode.swift; path = SceneDelegate.swift; sourceTree = "<group>"; };
		6B49822E2C3EA65B00FC95FD /* ViewController.swift */ = {isa = PBXFileReference; lastKnownFileType = sourcecode.swift; path = ViewController.swift; sourceTree = "<group>"; };
		6B4982312C3EA65B00FC95FD /* Base */ = {isa = PBXFileReference; lastKnownFileType = file.storyboard; name = Base; path = Base.lproj/Main.storyboard; sourceTree = "<group>"; };
		6B4982332C3EA65C00FC95FD /* Assets.xcassets */ = {isa = PBXFileReference; lastKnownFileType = folder.assetcatalog; path = Assets.xcassets; sourceTree = "<group>"; };
		6B4982362C3EA65C00FC95FD /* Base */ = {isa = PBXFileReference; lastKnownFileType = file.storyboard; name = Base; path = Base.lproj/LaunchScreen.storyboard; sourceTree = "<group>"; };
		6B4982382C3EA65C00FC95FD /* Info.plist */ = {isa = PBXFileReference; lastKnownFileType = text.plist.xml; path = Info.plist; sourceTree = "<group>"; };
		6B49823E2C3EA74000FC95FD /* ArViewController.swift */ = {isa = PBXFileReference; lastKnownFileType = sourcecode.swift; path = ArViewController.swift; sourceTree = "<group>"; };
		6B4982402C3EA75200FC95FD /* ArDemoScreen.swift */ = {isa = PBXFileReference; lastKnownFileType = sourcecode.swift; path = ArDemoScreen.swift; sourceTree = "<group>"; };
		6B49824D2C3EAD2900FC95FD /* README.md */ = {isa = PBXFileReference; fileEncoding = 4; lastKnownFileType = net.daringfireball.markdown; path = README.md; sourceTree = "<group>"; };
		A06E1A442CD91B0000AF2321 /* sdk.key */ = {isa = PBXFileReference; lastKnownFileType = text; path = sdk.key; sourceTree = "<group>"; };
/* End PBXFileReference section */

/* Begin PBXFrameworksBuildPhase section */
		6B4982242C3EA65B00FC95FD /* Frameworks */ = {
			isa = PBXFrameworksBuildPhase;
			buildActionMask = 2147483647;
			files = (
				A06E1A492CDA025700AF2321 /* EvsKit in Frameworks */,
				A06E1A332CD91A9800AF2321 /* EvsKit in Frameworks */,
				A06E1A472CDA023D00AF2321 /* EvsKit in Frameworks */,
				A06E1A4B2CDA025700AF2321 /* NativeEvsKit in Frameworks */,
				A06E1A352CD91A9800AF2321 /* NativeEvsKit in Frameworks */,
			);
			runOnlyForDeploymentPostprocessing = 0;
		};
/* End PBXFrameworksBuildPhase section */

/* Begin PBXGroup section */
		6B49821E2C3EA65B00FC95FD = {
			isa = PBXGroup;
			children = (
				6B4982292C3EA65B00FC95FD /* Ar */,
				6B4982282C3EA65B00FC95FD /* Products */,
				6B4982422C3EA78900FC95FD /* Frameworks */,
			);
			sourceTree = "<group>";
		};
		6B4982282C3EA65B00FC95FD /* Products */ = {
			isa = PBXGroup;
			children = (
				6B4982272C3EA65B00FC95FD /* Ar.app */,
			);
			name = Products;
			sourceTree = "<group>";
		};
		6B4982292C3EA65B00FC95FD /* Ar */ = {
			isa = PBXGroup;
			children = (
				6B49824C2C3EAD0000FC95FD /* Resources */,
				6B49822A2C3EA65B00FC95FD /* AppDelegate.swift */,
				6B49822C2C3EA65B00FC95FD /* SceneDelegate.swift */,
				6B49822E2C3EA65B00FC95FD /* ViewController.swift */,
				6B4982302C3EA65B00FC95FD /* Main.storyboard */,
				6B4982332C3EA65C00FC95FD /* Assets.xcassets */,
				6B4982352C3EA65C00FC95FD /* LaunchScreen.storyboard */,
				6B4982382C3EA65C00FC95FD /* Info.plist */,
				6B49823E2C3EA74000FC95FD /* ArViewController.swift */,
				6B4982402C3EA75200FC95FD /* ArDemoScreen.swift */,
			);
			path = Ar;
			sourceTree = "<group>";
		};
		6B4982422C3EA78900FC95FD /* Frameworks */ = {
			isa = PBXGroup;
			children = (
			);
			name = Frameworks;
			sourceTree = "<group>";
		};
		6B49824C2C3EAD0000FC95FD /* Resources */ = {
			isa = PBXGroup;
			children = (
				A06E1A442CD91B0000AF2321 /* sdk.key */,
				6B49824D2C3EAD2900FC95FD /* README.md */,
			);
			path = Resources;
			sourceTree = "<group>";
		};
/* End PBXGroup section */

/* Begin PBXNativeTarget section */
		6B4982262C3EA65B00FC95FD /* Ar */ = {
			isa = PBXNativeTarget;
			buildConfigurationList = 6B49823B2C3EA65C00FC95FD /* Build configuration list for PBXNativeTarget "Ar" */;
			buildPhases = (
				6B4982232C3EA65B00FC95FD /* Sources */,
				6B4982242C3EA65B00FC95FD /* Frameworks */,
				6B4982252C3EA65B00FC95FD /* Resources */,
			);
			buildRules = (
			);
			dependencies = (
			);
			name = Ar;
			productName = Ar;
			productReference = 6B4982272C3EA65B00FC95FD /* Ar.app */;
			productType = "com.apple.product-type.application";
		};
/* End PBXNativeTarget section */

/* Begin PBXProject section */
		6B49821F2C3EA65B00FC95FD /* Project object */ = {
			isa = PBXProject;
			attributes = {
				BuildIndependentTargetsInParallel = 1;
				LastSwiftUpdateCheck = 1540;
				LastUpgradeCheck = 1540;
				TargetAttributes = {
					6B4982262C3EA65B00FC95FD = {
						CreatedOnToolsVersion = 15.4;
					};
				};
			};
			buildConfigurationList = 6B4982222C3EA65B00FC95FD /* Build configuration list for PBXProject "Ar" */;
			compatibilityVersion = "Xcode 14.0";
			developmentRegion = en;
			hasScannedForEncodings = 0;
			knownRegions = (
				en,
				Base,
			);
			mainGroup = 6B49821E2C3EA65B00FC95FD;
			packageReferences = (
				B2D30BC52CEF711F00265225 /* XCRemoteSwiftPackageReference "m1-ios-spm" */,
			);
			productRefGroup = 6B4982282C3EA65B00FC95FD /* Products */;
			projectDirPath = "";
			projectRoot = "";
			targets = (
				6B4982262C3EA65B00FC95FD /* Ar */,
			);
		};
/* End PBXProject section */

/* Begin PBXResourcesBuildPhase section */
		6B4982252C3EA65B00FC95FD /* Resources */ = {
			isa = PBXResourcesBuildPhase;
			buildActionMask = 2147483647;
			files = (
				6B4982342C3EA65C00FC95FD /* Assets.xcassets in Resources */,
				6B4982372C3EA65C00FC95FD /* Base in Resources */,
				6B49824E2C3EAD2900FC95FD /* README.md in Resources */,
				6B4982322C3EA65B00FC95FD /* Base in Resources */,
				A06E1A452CD91B0000AF2321 /* sdk.key in Resources */,
			);
			runOnlyForDeploymentPostprocessing = 0;
		};
/* End PBXResourcesBuildPhase section */

/* Begin PBXSourcesBuildPhase section */
		6B4982232C3EA65B00FC95FD /* Sources */ = {
			isa = PBXSourcesBuildPhase;
			buildActionMask = 2147483647;
			files = (
				6B49822F2C3EA65B00FC95FD /* ViewController.swift in Sources */,
				6B49822B2C3EA65B00FC95FD /* AppDelegate.swift in Sources */,
				6B49822D2C3EA65B00FC95FD /* SceneDelegate.swift in Sources */,
				6B4982412C3EA75200FC95FD /* ArDemoScreen.swift in Sources */,
				6B49823F2C3EA74000FC95FD /* ArViewController.swift in Sources */,
			);
			runOnlyForDeploymentPostprocessing = 0;
		};
/* End PBXSourcesBuildPhase section */

/* Begin PBXVariantGroup section */
		6B4982302C3EA65B00FC95FD /* Main.storyboard */ = {
			isa = PBXVariantGroup;
			children = (
				6B4982312C3EA65B00FC95FD /* Base */,
			);
			name = Main.storyboard;
			sourceTree = "<group>";
		};
		6B4982352C3EA65C00FC95FD /* LaunchScreen.storyboard */ = {
			isa = PBXVariantGroup;
			children = (
				6B4982362C3EA65C00FC95FD /* Base */,
			);
			name = LaunchScreen.storyboard;
			sourceTree = "<group>";
		};
/* End PBXVariantGroup section */

/* Begin XCBuildConfiguration section */
		6B4982392C3EA65C00FC95FD /* Debug */ = {
			isa = XCBuildConfiguration;
			buildSettings = {
				ALWAYS_SEARCH_USER_PATHS = NO;
				ASSETCATALOG_COMPILER_GENERATE_SWIFT_ASSET_SYMBOL_EXTENSIONS = YES;
				CLANG_ANALYZER_NONNULL = YES;
				CLANG_ANALYZER_NUMBER_OBJECT_CONVERSION = YES_AGGRESSIVE;
				CLANG_CXX_LANGUAGE_STANDARD = "gnu++20";
				CLANG_ENABLE_MODULES = YES;
				CLANG_ENABLE_OBJC_ARC = YES;
				CLANG_ENABLE_OBJC_WEAK = YES;
				CLANG_WARN_BLOCK_CAPTURE_AUTORELEASING = YES;
				CLANG_WARN_BOOL_CONVERSION = YES;
				CLANG_WARN_COMMA = YES;
				CLANG_WARN_CONSTANT_CONVERSION = YES;
				CLANG_WARN_DEPRECATED_OBJC_IMPLEMENTATIONS = YES;
				CLANG_WARN_DIRECT_OBJC_ISA_USAGE = YES_ERROR;
				CLANG_WARN_DOCUMENTATION_COMMENTS = YES;
				CLANG_WARN_EMPTY_BODY = YES;
				CLANG_WARN_ENUM_CONVERSION = YES;
				CLANG_WARN_INFINITE_RECURSION = YES;
				CLANG_WARN_INT_CONVERSION = YES;
				CLANG_WARN_NON_LITERAL_NULL_CONVERSION = YES;
				CLANG_WARN_OBJC_IMPLICIT_RETAIN_SELF = YES;
				CLANG_WARN_OBJC_LITERAL_CONVERSION = YES;
				CLANG_WARN_OBJC_ROOT_CLASS = YES_ERROR;
				CLANG_WARN_QUOTED_INCLUDE_IN_FRAMEWORK_HEADER = YES;
				CLANG_WARN_RANGE_LOOP_ANALYSIS = YES;
				CLANG_WARN_STRICT_PROTOTYPES = YES;
				CLANG_WARN_SUSPICIOUS_MOVE = YES;
				CLANG_WARN_UNGUARDED_AVAILABILITY = YES_AGGRESSIVE;
				CLANG_WARN_UNREACHABLE_CODE = YES;
				CLANG_WARN__DUPLICATE_METHOD_MATCH = YES;
				COPY_PHASE_STRIP = NO;
				DEBUG_INFORMATION_FORMAT = dwarf;
				ENABLE_STRICT_OBJC_MSGSEND = YES;
				ENABLE_TESTABILITY = YES;
				ENABLE_USER_SCRIPT_SANDBOXING = YES;
				GCC_C_LANGUAGE_STANDARD = gnu17;
				GCC_DYNAMIC_NO_PIC = NO;
				GCC_NO_COMMON_BLOCKS = YES;
				GCC_OPTIMIZATION_LEVEL = 0;
				GCC_PREPROCESSOR_DEFINITIONS = (
					"DEBUG=1",
					"$(inherited)",
				);
				GCC_WARN_64_TO_32_BIT_CONVERSION = YES;
				GCC_WARN_ABOUT_RETURN_TYPE = YES_ERROR;
				GCC_WARN_UNDECLARED_SELECTOR = YES;
				GCC_WARN_UNINITIALIZED_AUTOS = YES_AGGRESSIVE;
				GCC_WARN_UNUSED_FUNCTION = YES;
				GCC_WARN_UNUSED_VARIABLE = YES;
				IPHONEOS_DEPLOYMENT_TARGET = 17.5;
				LOCALIZATION_PREFERS_STRING_CATALOGS = YES;
				MTL_ENABLE_DEBUG_INFO = INCLUDE_SOURCE;
				MTL_FAST_MATH = YES;
				ONLY_ACTIVE_ARCH = YES;
				SDKROOT = iphoneos;
				SWIFT_ACTIVE_COMPILATION_CONDITIONS = "DEBUG $(inherited)";
				SWIFT_OPTIMIZATION_LEVEL = "-Onone";
			};
			name = Debug;
		};
		6B49823A2C3EA65C00FC95FD /* Release */ = {
			isa = XCBuildConfiguration;
			buildSettings = {
				ALWAYS_SEARCH_USER_PATHS = NO;
				ASSETCATALOG_COMPILER_GENERATE_SWIFT_ASSET_SYMBOL_EXTENSIONS = YES;
				CLANG_ANALYZER_NONNULL = YES;
				CLANG_ANALYZER_NUMBER_OBJECT_CONVERSION = YES_AGGRESSIVE;
				CLANG_CXX_LANGUAGE_STANDARD = "gnu++20";
				CLANG_ENABLE_MODULES = YES;
				CLANG_ENABLE_OBJC_ARC = YES;
				CLANG_ENABLE_OBJC_WEAK = YES;
				CLANG_WARN_BLOCK_CAPTURE_AUTORELEASING = YES;
				CLANG_WARN_BOOL_CONVERSION = YES;
				CLANG_WARN_COMMA = YES;
				CLANG_WARN_CONSTANT_CONVERSION = YES;
				CLANG_WARN_DEPRECATED_OBJC_IMPLEMENTATIONS = YES;
				CLANG_WARN_DIRECT_OBJC_ISA_USAGE = YES_ERROR;
				CLANG_WARN_DOCUMENTATION_COMMENTS = YES;
				CLANG_WARN_EMPTY_BODY = YES;
				CLANG_WARN_ENUM_CONVERSION = YES;
				CLANG_WARN_INFINITE_RECURSION = YES;
				CLANG_WARN_INT_CONVERSION = YES;
				CLANG_WARN_NON_LITERAL_NULL_CONVERSION = YES;
				CLANG_WARN_OBJC_IMPLICIT_RETAIN_SELF = YES;
				CLANG_WARN_OBJC_LITERAL_CONVERSION = YES;
				CLANG_WARN_OBJC_ROOT_CLASS = YES_ERROR;
				CLANG_WARN_QUOTED_INCLUDE_IN_FRAMEWORK_HEADER = YES;
				CLANG_WARN_RANGE_LOOP_ANALYSIS = YES;
				CLANG_WARN_STRICT_PROTOTYPES = YES;
				CLANG_WARN_SUSPICIOUS_MOVE = YES;
				CLANG_WARN_UNGUARDED_AVAILABILITY = YES_AGGRESSIVE;
				CLANG_WARN_UNREACHABLE_CODE = YES;
				CLANG_WARN__DUPLICATE_METHOD_MATCH = YES;
				COPY_PHASE_STRIP = NO;
				DEBUG_INFORMATION_FORMAT = "dwarf-with-dsym";
				ENABLE_NS_ASSERTIONS = NO;
				ENABLE_STRICT_OBJC_MSGSEND = YES;
				ENABLE_USER_SCRIPT_SANDBOXING = YES;
				GCC_C_LANGUAGE_STANDARD = gnu17;
				GCC_NO_COMMON_BLOCKS = YES;
				GCC_WARN_64_TO_32_BIT_CONVERSION = YES;
				GCC_WARN_ABOUT_RETURN_TYPE = YES_ERROR;
				GCC_WARN_UNDECLARED_SELECTOR = YES;
				GCC_WARN_UNINITIALIZED_AUTOS = YES_AGGRESSIVE;
				GCC_WARN_UNUSED_FUNCTION = YES;
				GCC_WARN_UNUSED_VARIABLE = YES;
				IPHONEOS_DEPLOYMENT_TARGET = 17.5;
				LOCALIZATION_PREFERS_STRING_CATALOGS = YES;
				MTL_ENABLE_DEBUG_INFO = NO;
				MTL_FAST_MATH = YES;
				SDKROOT = iphoneos;
				SWIFT_COMPILATION_MODE = wholemodule;
				VALIDATE_PRODUCT = YES;
			};
			name = Release;
		};
		6B49823C2C3EA65C00FC95FD /* Debug */ = {
			isa = XCBuildConfiguration;
			buildSettings = {
				ASSETCATALOG_COMPILER_APPICON_NAME = AppIcon;
				ASSETCATALOG_COMPILER_GLOBAL_ACCENT_COLOR_NAME = AccentColor;
				CODE_SIGN_STYLE = Automatic;
				CURRENT_PROJECT_VERSION = 1;
				DEVELOPMENT_TEAM = 393M9SB2UU;
				GENERATE_INFOPLIST_FILE = YES;
				INFOPLIST_FILE = Ar/Info.plist;
				INFOPLIST_KEY_NSBluetoothAlwaysUsageDescription = "Everysight would like to use bluetooth.";
				INFOPLIST_KEY_NSBluetoothPeripheralUsageDescription = "Connect with Everysight BLE device";
				INFOPLIST_KEY_UIApplicationSupportsIndirectInputEvents = YES;
				INFOPLIST_KEY_UILaunchStoryboardName = LaunchScreen;
				INFOPLIST_KEY_UIMainStoryboardFile = Main;
				INFOPLIST_KEY_UISupportedInterfaceOrientations = UIInterfaceOrientationPortrait;
				INFOPLIST_KEY_UISupportedInterfaceOrientations_iPad = "UIInterfaceOrientationLandscapeLeft UIInterfaceOrientationLandscapeRight UIInterfaceOrientationPortrait UIInterfaceOrientationPortraitUpsideDown";
				IPHONEOS_DEPLOYMENT_TARGET = 14.0;
				LD_RUNPATH_SEARCH_PATHS = (
					"$(inherited)",
					"@executable_path/Frameworks",
				);
				MARKETING_VERSION = 1.0;
				PRODUCT_BUNDLE_IDENTIFIER = com.everysight.sdk.samples.Ar;
				PRODUCT_NAME = "$(TARGET_NAME)";
				SUPPORTED_PLATFORMS = "iphoneos iphonesimulator";
				SUPPORTS_MACCATALYST = NO;
				SUPPORTS_MAC_DESIGNED_FOR_IPHONE_IPAD = NO;
				SUPPORTS_XR_DESIGNED_FOR_IPHONE_IPAD = NO;
				SWIFT_EMIT_LOC_STRINGS = YES;
				SWIFT_VERSION = 5.0;
				TARGETED_DEVICE_FAMILY = 1;
			};
			name = Debug;
		};
		6B49823D2C3EA65C00FC95FD /* Release */ = {
			isa = XCBuildConfiguration;
			buildSettings = {
				ASSETCATALOG_COMPILER_APPICON_NAME = AppIcon;
				ASSETCATALOG_COMPILER_GLOBAL_ACCENT_COLOR_NAME = AccentColor;
				CODE_SIGN_STYLE = Automatic;
				CURRENT_PROJECT_VERSION = 1;
				DEVELOPMENT_TEAM = 393M9SB2UU;
				GENERATE_INFOPLIST_FILE = YES;
				INFOPLIST_FILE = Ar/Info.plist;
				INFOPLIST_KEY_NSBluetoothAlwaysUsageDescription = "Everysight would like to use bluetooth.";
				INFOPLIST_KEY_NSBluetoothPeripheralUsageDescription = "Connect with Everysight BLE device";
				INFOPLIST_KEY_UIApplicationSupportsIndirectInputEvents = YES;
				INFOPLIST_KEY_UILaunchStoryboardName = LaunchScreen;
				INFOPLIST_KEY_UIMainStoryboardFile = Main;
				INFOPLIST_KEY_UISupportedInterfaceOrientations = UIInterfaceOrientationPortrait;
				INFOPLIST_KEY_UISupportedInterfaceOrientations_iPad = "UIInterfaceOrientationLandscapeLeft UIInterfaceOrientationLandscapeRight UIInterfaceOrientationPortrait UIInterfaceOrientationPortraitUpsideDown";
				IPHONEOS_DEPLOYMENT_TARGET = 14.0;
				LD_RUNPATH_SEARCH_PATHS = (
					"$(inherited)",
					"@executable_path/Frameworks",
				);
				MARKETING_VERSION = 1.0;
				PRODUCT_BUNDLE_IDENTIFIER = com.everysight.sdk.samples.Ar;
				PRODUCT_NAME = "$(TARGET_NAME)";
				SUPPORTED_PLATFORMS = "iphoneos iphonesimulator";
				SUPPORTS_MACCATALYST = NO;
				SUPPORTS_MAC_DESIGNED_FOR_IPHONE_IPAD = NO;
				SUPPORTS_XR_DESIGNED_FOR_IPHONE_IPAD = NO;
				SWIFT_EMIT_LOC_STRINGS = YES;
				SWIFT_VERSION = 5.0;
				TARGETED_DEVICE_FAMILY = 1;
			};
			name = Release;
		};
/* End XCBuildConfiguration section */

/* Begin XCConfigurationList section */
		6B4982222C3EA65B00FC95FD /* Build configuration list for PBXProject "Ar" */ = {
			isa = XCConfigurationList;
			buildConfigurations = (
				6B4982392C3EA65C00FC95FD /* Debug */,
				6B49823A2C3EA65C00FC95FD /* Release */,
			);
			defaultConfigurationIsVisible = 0;
			defaultConfigurationName = Release;
		};
		6B49823B2C3EA65C00FC95FD /* Build configuration list for PBXNativeTarget "Ar" */ = {
			isa = XCConfigurationList;
			buildConfigurations = (
				6B49823C2C3EA65C00FC95FD /* Debug */,
				6B49823D2C3EA65C00FC95FD /* Release */,
			);
			defaultConfigurationIsVisible = 0;
			defaultConfigurationName = Release;
		};
/* End XCConfigurationList section */

/* Begin XCRemoteSwiftPackageReference section */
		A06E1A312CD91A9800AF2321 /* XCRemoteSwiftPackageReference "m1-ios-spm" */ = {
			isa = XCRemoteSwiftPackageReference;
			repositoryURL = "https://github.com/everysight-maverick/m1-ios-spm.git";
			requirement = {
				branch = master;
				kind = branch;
			};
		};
		B2D30BC52CEF711F00265225 /* XCRemoteSwiftPackageReference "m1-ios-spm" */ = {
			isa = XCRemoteSwiftPackageReference;
			repositoryURL = "https://github.com/everysight-maverick/m1-ios-spm.git";
			requirement = {
				branch = master;
				kind = branch;
			};
		};
/* End XCRemoteSwiftPackageReference section */

/* Begin XCSwiftPackageProductDependency section */
		A06E1A322CD91A9800AF2321 /* EvsKit */ = {
			isa = XCSwiftPackageProductDependency;
			package = A06E1A312CD91A9800AF2321 /* XCRemoteSwiftPackageReference "m1-ios-spm" */;
			productName = EvsKit;
		};
		A06E1A342CD91A9800AF2321 /* NativeEvsKit */ = {
			isa = XCSwiftPackageProductDependency;
			package = A06E1A312CD91A9800AF2321 /* XCRemoteSwiftPackageReference "m1-ios-spm" */;
			productName = NativeEvsKit;
		};
		A06E1A462CDA023D00AF2321 /* EvsKit */ = {
			isa = XCSwiftPackageProductDependency;
			package = A06E1A312CD91A9800AF2321 /* XCRemoteSwiftPackageReference "m1-ios-spm" */;
			productName = EvsKit;
		};
		A06E1A482CDA025700AF2321 /* EvsKit */ = {
			isa = XCSwiftPackageProductDependency;
			package = A06E1A312CD91A9800AF2321 /* XCRemoteSwiftPackageReference "m1-ios-spm" */;
			productName = EvsKit;
		};
		A06E1A4A2CDA025700AF2321 /* NativeEvsKit */ = {
			isa = XCSwiftPackageProductDependency;
			package = A06E1A312CD91A9800AF2321 /* XCRemoteSwiftPackageReference "m1-ios-spm" */;
			productName = NativeEvsKit;
		};
/* End XCSwiftPackageProductDependency section */
	};
	rootObject = 6B49821F2C3EA65B00FC95FD /* Project object */;
}
